
Microsoft Visual Studio Solution File, Format Version 12.00
# Visual Studio Version 17
VisualStudioVersion = 17.2.32616.157
MinimumVisualStudioVersion = 10.0.40219.1
Project("{2150E333-8FDC-42A3-9474-1A3956D46DE8}") = "Services", "Services", "{71A76A66-9095-4C1B-9646-BAFBD23E133A}"
EndProject
Project("{2150E333-8FDC-42A3-9474-1A3956D46DE8}") = "Catalog", "Catalog", "{4CEE586C-5279-4249-9025-8013EFF7E022}"
EndProject
Project("{9A19103F-16F7-4668-BE54-9A1E7A4F7556}") = "Catalog.API", "Services\Catalog\Catalog.API\Catalog.API.csproj", "{ECB59177-F282-499C-AAE4-7B7887279A66}"
EndProject
Project("{E53339B2-1760-4266-BCC7-CA923CBCF16C}") = "docker-compose", "docker-compose.dcproj", "{939F2EB8-83AF-4576-A618-86B3D3EDF0BB}"
EndProject
Global
	GlobalSection(SolutionConfigurationPlatforms) = preSolution
		Debug|Any CPU = Debug|Any CPU
		Release|Any CPU = Release|Any CPU
	EndGlobalSection
	GlobalSection(ProjectConfigurationPlatforms) = postSolution
		{ECB59177-F282-499C-AAE4-7B7887279A66}.Debug|Any CPU.ActiveCfg = Debug|Any CPU
		{ECB59177-F282-499C-AAE4-7B7887279A66}.Debug|Any CPU.Build.0 = Debug|Any CPU
		{ECB59177-F282-499C-AAE4-7B7887279A66}.Release|Any CPU.ActiveCfg = Release|Any CPU
		{ECB59177-F282-499C-AAE4-7B7887279A66}.Release|Any CPU.Build.0 = Release|Any CPU
		{939F2EB8-83AF-4576-A618-86B3D3EDF0BB}.Debug|Any CPU.ActiveCfg = Debug|Any CPU
		{939F2EB8-83AF-4576-A618-86B3D3EDF0BB}.Debug|Any CPU.Build.0 = Debug|Any CPU
		{939F2EB8-83AF-4576-A618-86B3D3EDF0BB}.Release|Any CPU.ActiveCfg = Release|Any CPU
		{939F2EB8-83AF-4576-A618-86B3D3EDF0BB}.Release|Any CPU.Build.0 = Release|Any CPU
	EndGlobalSection
	GlobalSection(SolutionProperties) = preSolution
		HideSolutionNode = FALSE
	EndGlobalSection
	GlobalSection(NestedProjects) = preSolution
		{4CEE586C-5279-4249-9025-8013EFF7E022} = {71A76A66-9095-4C1B-9646-BAFBD23E133A}
		{ECB59177-F282-499C-AAE4-7B7887279A66} = {4CEE586C-5279-4249-9025-8013EFF7E022}
	EndGlobalSection
	GlobalSection(ExtensibilityGlobals) = postSolution
		SolutionGuid = {23494ED4-7C01-4AA0-B0E5-97252264A0CB}
	EndGlobalSection
EndGlobal
