
Microsoft Visual Studio Solution File, Format Version 12.00
# Visual Studio Version 17
VisualStudioVersion = 17.2.32616.157
MinimumVisualStudioVersion = 10.0.40219.1
Project("{2150E333-8FDC-42A3-9474-1A3956D46DE8}") = "Services", "Services", "{71A76A66-9095-4C1B-9646-BAFBD23E133A}"
EndProject
Project("{2150E333-8FDC-42A3-9474-1A3956D46DE8}") = "Catalog", "Catalog", "{4CEE586C-5279-4249-9025-8013EFF7E022}"
EndProject
Project("{9A19103F-16F7-4668-BE54-9A1E7A4F7556}") = "Catalog.API", "Services\Catalog\Catalog.API\Catalog.API.csproj", "{ECB59177-F282-499C-AAE4-7B7887279A66}"
EndProject
Project("{E53339B2-1760-4266-BCC7-CA923CBCF16C}") = "docker-compose", "docker-compose.dcproj", "{939F2EB8-83AF-4576-A618-86B3D3EDF0BB}"
EndProject
Project("{2150E333-8FDC-42A3-9474-1A3956D46DE8}") = "Basket", "Basket", "{5A251B5D-7C81-4CF2-8096-89A30B310C92}"
EndProject
Project("{9A19103F-16F7-4668-BE54-9A1E7A4F7556}") = "Basket.API", "Services\Basket\Basket.API\Basket.API.csproj", "{110E49F9-AA8E-4CE1-9ED9-33A2810CC2DD}"
EndProject
Project("{2150E333-8FDC-42A3-9474-1A3956D46DE8}") = "Discount", "Discount", "{58791497-5B93-4C35-B568-9BE2247EB554}"
EndProject
Project("{9A19103F-16F7-4668-BE54-9A1E7A4F7556}") = "Discount.API", "Services\Discount\Discount.API\Discount.API.csproj", "{A2080579-B0D8-41CE-8267-3F60BA9E70E5}"
EndProject
Project("{9A19103F-16F7-4668-BE54-9A1E7A4F7556}") = "Discount.Grpc", "Services\Discount\Discount.Grpc\Discount.Grpc.csproj", "{AE13BCC9-44F7-4316-AAA5-E56908A23A71}"
EndProject
Project("{2150E333-8FDC-42A3-9474-1A3956D46DE8}") = "Ordering", "Ordering", "{51DC9D8B-98E3-4153-98D8-76A22A2131A5}"
EndProject
Project("{9A19103F-16F7-4668-BE54-9A1E7A4F7556}") = "Ordering.API", "Services\Ordering\Ordering.API\Ordering.API.csproj", "{ED455C93-A294-40CB-A871-8E73EB415A25}"
EndProject
Project("{9A19103F-16F7-4668-BE54-9A1E7A4F7556}") = "Ordering.Domain", "Services\Ordering\Ordering.Domain\Ordering.Domain.csproj", "{78A6DC40-F486-42E4-B02D-0FD59AAE633D}"
EndProject
Project("{9A19103F-16F7-4668-BE54-9A1E7A4F7556}") = "Ordering.Application", "Services\Ordering\Ordering.Application\Ordering.Application.csproj", "{88BF9E7D-DC52-40E9-9046-29D8E4FA800B}"
EndProject
Project("{9A19103F-16F7-4668-BE54-9A1E7A4F7556}") = "Ordering.Infrastructure", "Services\Ordering\Ordering.Infrastructure\Ordering.Infrastructure.csproj", "{18B4F115-B919-4995-98DC-D3B560CF02BB}"
EndProject
Project("{2150E333-8FDC-42A3-9474-1A3956D46DE8}") = "BuildingBlocks", "BuildingBlocks", "{15871D77-3326-4180-8CDF-A221CA019674}"
EndProject
Project("{9A19103F-16F7-4668-BE54-9A1E7A4F7556}") = "EventBus.Messages", "BuildingBlocks\EvenBus.Messages\EventBus.Messages.csproj", "{DF75B3C9-F3CA-4795-B18A-3A2BA9F6937D}"
EndProject
Global
	GlobalSection(SolutionConfigurationPlatforms) = preSolution
		Debug|Any CPU = Debug|Any CPU
		Release|Any CPU = Release|Any CPU
	EndGlobalSection
	GlobalSection(ProjectConfigurationPlatforms) = postSolution
		{ECB59177-F282-499C-AAE4-7B7887279A66}.Debug|Any CPU.ActiveCfg = Debug|Any CPU
		{ECB59177-F282-499C-AAE4-7B7887279A66}.Debug|Any CPU.Build.0 = Debug|Any CPU
		{ECB59177-F282-499C-AAE4-7B7887279A66}.Release|Any CPU.ActiveCfg = Release|Any CPU
		{ECB59177-F282-499C-AAE4-7B7887279A66}.Release|Any CPU.Build.0 = Release|Any CPU
		{939F2EB8-83AF-4576-A618-86B3D3EDF0BB}.Debug|Any CPU.ActiveCfg = Debug|Any CPU
		{939F2EB8-83AF-4576-A618-86B3D3EDF0BB}.Debug|Any CPU.Build.0 = Debug|Any CPU
		{939F2EB8-83AF-4576-A618-86B3D3EDF0BB}.Release|Any CPU.ActiveCfg = Release|Any CPU
		{939F2EB8-83AF-4576-A618-86B3D3EDF0BB}.Release|Any CPU.Build.0 = Release|Any CPU
		{110E49F9-AA8E-4CE1-9ED9-33A2810CC2DD}.Debug|Any CPU.ActiveCfg = Debug|Any CPU
		{110E49F9-AA8E-4CE1-9ED9-33A2810CC2DD}.Debug|Any CPU.Build.0 = Debug|Any CPU
		{110E49F9-AA8E-4CE1-9ED9-33A2810CC2DD}.Release|Any CPU.ActiveCfg = Release|Any CPU
		{110E49F9-AA8E-4CE1-9ED9-33A2810CC2DD}.Release|Any CPU.Build.0 = Release|Any CPU
		{A2080579-B0D8-41CE-8267-3F60BA9E70E5}.Debug|Any CPU.ActiveCfg = Debug|Any CPU
		{A2080579-B0D8-41CE-8267-3F60BA9E70E5}.Debug|Any CPU.Build.0 = Debug|Any CPU
		{A2080579-B0D8-41CE-8267-3F60BA9E70E5}.Release|Any CPU.ActiveCfg = Release|Any CPU
		{A2080579-B0D8-41CE-8267-3F60BA9E70E5}.Release|Any CPU.Build.0 = Release|Any CPU
		{AE13BCC9-44F7-4316-AAA5-E56908A23A71}.Debug|Any CPU.ActiveCfg = Debug|Any CPU
		{AE13BCC9-44F7-4316-AAA5-E56908A23A71}.Debug|Any CPU.Build.0 = Debug|Any CPU
		{AE13BCC9-44F7-4316-AAA5-E56908A23A71}.Release|Any CPU.ActiveCfg = Release|Any CPU
		{AE13BCC9-44F7-4316-AAA5-E56908A23A71}.Release|Any CPU.Build.0 = Release|Any CPU
		{ED455C93-A294-40CB-A871-8E73EB415A25}.Debug|Any CPU.ActiveCfg = Debug|Any CPU
		{ED455C93-A294-40CB-A871-8E73EB415A25}.Debug|Any CPU.Build.0 = Debug|Any CPU
		{ED455C93-A294-40CB-A871-8E73EB415A25}.Release|Any CPU.ActiveCfg = Release|Any CPU
		{ED455C93-A294-40CB-A871-8E73EB415A25}.Release|Any CPU.Build.0 = Release|Any CPU
		{78A6DC40-F486-42E4-B02D-0FD59AAE633D}.Debug|Any CPU.ActiveCfg = Debug|Any CPU
		{78A6DC40-F486-42E4-B02D-0FD59AAE633D}.Debug|Any CPU.Build.0 = Debug|Any CPU
		{78A6DC40-F486-42E4-B02D-0FD59AAE633D}.Release|Any CPU.ActiveCfg = Release|Any CPU
		{78A6DC40-F486-42E4-B02D-0FD59AAE633D}.Release|Any CPU.Build.0 = Release|Any CPU
		{88BF9E7D-DC52-40E9-9046-29D8E4FA800B}.Debug|Any CPU.ActiveCfg = Debug|Any CPU
		{88BF9E7D-DC52-40E9-9046-29D8E4FA800B}.Debug|Any CPU.Build.0 = Debug|Any CPU
		{88BF9E7D-DC52-40E9-9046-29D8E4FA800B}.Release|Any CPU.ActiveCfg = Release|Any CPU
		{88BF9E7D-DC52-40E9-9046-29D8E4FA800B}.Release|Any CPU.Build.0 = Release|Any CPU
		{18B4F115-B919-4995-98DC-D3B560CF02BB}.Debug|Any CPU.ActiveCfg = Debug|Any CPU
		{18B4F115-B919-4995-98DC-D3B560CF02BB}.Debug|Any CPU.Build.0 = Debug|Any CPU
		{18B4F115-B919-4995-98DC-D3B560CF02BB}.Release|Any CPU.ActiveCfg = Release|Any CPU
		{18B4F115-B919-4995-98DC-D3B560CF02BB}.Release|Any CPU.Build.0 = Release|Any CPU
		{DF75B3C9-F3CA-4795-B18A-3A2BA9F6937D}.Debug|Any CPU.ActiveCfg = Debug|Any CPU
		{DF75B3C9-F3CA-4795-B18A-3A2BA9F6937D}.Debug|Any CPU.Build.0 = Debug|Any CPU
		{DF75B3C9-F3CA-4795-B18A-3A2BA9F6937D}.Release|Any CPU.ActiveCfg = Release|Any CPU
		{DF75B3C9-F3CA-4795-B18A-3A2BA9F6937D}.Release|Any CPU.Build.0 = Release|Any CPU
	EndGlobalSection
	GlobalSection(SolutionProperties) = preSolution
		HideSolutionNode = FALSE
	EndGlobalSection
	GlobalSection(NestedProjects) = preSolution
		{4CEE586C-5279-4249-9025-8013EFF7E022} = {71A76A66-9095-4C1B-9646-BAFBD23E133A}
		{ECB59177-F282-499C-AAE4-7B7887279A66} = {4CEE586C-5279-4249-9025-8013EFF7E022}
		{5A251B5D-7C81-4CF2-8096-89A30B310C92} = {71A76A66-9095-4C1B-9646-BAFBD23E133A}
		{110E49F9-AA8E-4CE1-9ED9-33A2810CC2DD} = {5A251B5D-7C81-4CF2-8096-89A30B310C92}
		{58791497-5B93-4C35-B568-9BE2247EB554} = {71A76A66-9095-4C1B-9646-BAFBD23E133A}
		{A2080579-B0D8-41CE-8267-3F60BA9E70E5} = {58791497-5B93-4C35-B568-9BE2247EB554}
		{AE13BCC9-44F7-4316-AAA5-E56908A23A71} = {58791497-5B93-4C35-B568-9BE2247EB554}
		{51DC9D8B-98E3-4153-98D8-76A22A2131A5} = {71A76A66-9095-4C1B-9646-BAFBD23E133A}
		{ED455C93-A294-40CB-A871-8E73EB415A25} = {51DC9D8B-98E3-4153-98D8-76A22A2131A5}
		{78A6DC40-F486-42E4-B02D-0FD59AAE633D} = {51DC9D8B-98E3-4153-98D8-76A22A2131A5}
		{88BF9E7D-DC52-40E9-9046-29D8E4FA800B} = {51DC9D8B-98E3-4153-98D8-76A22A2131A5}
		{18B4F115-B919-4995-98DC-D3B560CF02BB} = {51DC9D8B-98E3-4153-98D8-76A22A2131A5}
		{DF75B3C9-F3CA-4795-B18A-3A2BA9F6937D} = {15871D77-3326-4180-8CDF-A221CA019674}
	EndGlobalSection
	GlobalSection(ExtensibilityGlobals) = postSolution
		SolutionGuid = {23494ED4-7C01-4AA0-B0E5-97252264A0CB}
	EndGlobalSection
EndGlobal
